
Microsoft Visual Studio Solution File, Format Version 12.00
# Visual Studio 14
VisualStudioVersion = 14.0.23107.0
MinimumVisualStudioVersion = 10.0.40219.1
Project("{FAE04EC0-301F-11D3-BF4B-00C04F79EFBC}") = "NonSolutionFiles", "NonSolutionFiles\NonSolutionFiles.csproj", "{09561132-B507-42D0-B991-ECD49A841ED3}"
EndProject
Project("{FAE04EC0-301F-11D3-BF4B-00C04F79EFBC}") = "NonSolutionFilesTest", "NonSolutionFilesTest\NonSolutionFilesTest.csproj", "{6A62BBE3-0E1D-47EE-9CC7-1D1CA803B852}"
EndProject
Project("{FAE04EC0-301F-11D3-BF4B-00C04F79EFBC}") = "FindDeadFiles", "FindDeadFiles\FindDeadFiles.csproj", "{22692CAC-8088-488D-A05C-539B8A486B5E}"
EndProject
Global
	GlobalSection(SolutionConfigurationPlatforms) = preSolution
		Debug|Any CPU = Debug|Any CPU
		Release|Any CPU = Release|Any CPU
	EndGlobalSection
	GlobalSection(ProjectConfigurationPlatforms) = postSolution
		{09561132-B507-42D0-B991-ECD49A841ED3}.Debug|Any CPU.ActiveCfg = Debug|Any CPU
		{09561132-B507-42D0-B991-ECD49A841ED3}.Debug|Any CPU.Build.0 = Debug|Any CPU
		{09561132-B507-42D0-B991-ECD49A841ED3}.Release|Any CPU.ActiveCfg = Release|Any CPU
		{09561132-B507-42D0-B991-ECD49A841ED3}.Release|Any CPU.Build.0 = Release|Any CPU
		{6A62BBE3-0E1D-47EE-9CC7-1D1CA803B852}.Debug|Any CPU.ActiveCfg = Debug|Any CPU
		{6A62BBE3-0E1D-47EE-9CC7-1D1CA803B852}.Debug|Any CPU.Build.0 = Debug|Any CPU
		{6A62BBE3-0E1D-47EE-9CC7-1D1CA803B852}.Release|Any CPU.ActiveCfg = Release|Any CPU
		{6A62BBE3-0E1D-47EE-9CC7-1D1CA803B852}.Release|Any CPU.Build.0 = Release|Any CPU
		{22692CAC-8088-488D-A05C-539B8A486B5E}.Debug|Any CPU.ActiveCfg = Debug|Any CPU
		{22692CAC-8088-488D-A05C-539B8A486B5E}.Debug|Any CPU.Build.0 = Debug|Any CPU
		{22692CAC-8088-488D-A05C-539B8A486B5E}.Release|Any CPU.ActiveCfg = Release|Any CPU
		{22692CAC-8088-488D-A05C-539B8A486B5E}.Release|Any CPU.Build.0 = Release|Any CPU
	EndGlobalSection
	GlobalSection(SolutionProperties) = preSolution
		HideSolutionNode = FALSE
	EndGlobalSection
EndGlobal
